{
  "version": "2",
  "remote": {
    "https://deno.land/std@0.181.0/_util/asserts.ts": "178dfc49a464aee693a7e285567b3d0b555dc805ff490505a8aae34f9cfb1462",
    "https://deno.land/std@0.181.0/async/deferred.ts": "42790112f36a75a57db4a96d33974a936deb7b04d25c6084a9fa8a49f135def8",
    "https://deno.land/std@0.181.0/bytes/bytes_list.ts": "b4cbdfd2c263a13e8a904b12d082f6177ea97d9297274a4be134e989450dfa6a",
    "https://deno.land/std@0.181.0/bytes/copy.ts": "939d89e302a9761dcf1d9c937c7711174ed74c59eef40a1e4569a05c9de88219",
    "https://deno.land/std@0.181.0/io/buffer.ts": "17f4410eaaa60a8a85733e8891349a619eadfbbe42e2f319283ce2b8f29723ab",
    "https://deno.land/std@0.181.0/streams/_common.ts": "f45cba84f0d813de3326466095539602364a9ba521f804cc758f7a475cda692d",
    "https://deno.land/std@0.181.0/streams/buffer.ts": "d5b3d7d0299114e5b2ea895a8bf202a687fd915c5282f8096c7bae23b5a04407",
    "https://deno.land/std@0.181.0/streams/byte_slice_stream.ts": "225d57263a34325d7c96cb3dafeb478eec0e6fd05cd0458d678752eadd132bb4",
    "https://deno.land/std@0.181.0/streams/copy.ts": "75cbc795ff89291df22ddca5252de88b2e16d40c85d02840593386a8a1454f71",
    "https://deno.land/std@0.181.0/streams/delimiter_stream.ts": "f69e849b3d1f59f02424497273f411105a6f76a9f13da92aeeb9a2d554236814",
    "https://deno.land/std@0.181.0/streams/early_zip_readable_streams.ts": "4005fa74162b943f79899e5d7cb96adcbc0a6b867f9144974ed12d30e0a556e1",
    "https://deno.land/std@0.181.0/streams/iterate_reader.ts": "bbec1d45c2df2c0c5920bad0549351446fdc8e0886d99e95959b259dbcdb6072",
    "https://deno.land/std@0.181.0/streams/limited_bytes_transform_stream.ts": "05dc592ffaab83257494d22dd53917e56243c26e5e3129b3f13ddbbbc4785048",
    "https://deno.land/std@0.181.0/streams/limited_transform_stream.ts": "d69ab790232c1b86f53621ad41ef03c235f2abb4b7a1cd51960ad6e12ee55e38",
    "https://deno.land/std@0.181.0/streams/merge_readable_streams.ts": "5d6302888f4bb0616dafb5768771be0aec9bedc05fbae6b3d726d05ffbec5b15",
    "https://deno.land/std@0.181.0/streams/mod.ts": "c07ec010e700b9ea887dc36ca08729828bc7912f711e4054e24d33fd46282252",
    "https://deno.land/std@0.181.0/streams/read_all.ts": "ee319772fb0fd28302f97343cc48dfcf948f154fd0d755d8efe65814b70533be",
    "https://deno.land/std@0.181.0/streams/readable_stream_from_iterable.ts": "cd4bb9e9bf6dbe84c213beb1f5085c326624421671473e410cfaecad15f01865",
    "https://deno.land/std@0.181.0/streams/readable_stream_from_reader.ts": "bfc416c4576a30aac6b9af22c9dc292c20c6742141ee7c55b5e85460beb0c54e",
    "https://deno.land/std@0.181.0/streams/reader_from_iterable.ts": "55f68110dce3f8f2c87b834d95f153bc904257fc65175f9f2abe78455cb8047c",
    "https://deno.land/std@0.181.0/streams/reader_from_stream_reader.ts": "fa4971e5615a010e49492c5d1688ca1a4d17472a41e98b498ab89a64ebd7ac73",
    "https://deno.land/std@0.181.0/streams/text_delimiter_stream.ts": "244304c832ec282d1b7ccf927f79c9f07debd061ab80c3d51f912365e8d31d30",
    "https://deno.land/std@0.181.0/streams/text_line_stream.ts": "0f2c4b33a5fdb2476f2e060974cba1347cefe99a4af33c28a57524b1a34750fa",
    "https://deno.land/std@0.181.0/streams/to_transform_stream.ts": "7f55fc0b14cf3ed0f8d10d8f41d05bdc40726e44a65c37f58705d10a615f0159",
    "https://deno.land/std@0.181.0/streams/writable_stream_from_writer.ts": "56fff5c82fb736fdd669b567cc0b2bbbe0351002cd13254eae26c366e2bed89a",
    "https://deno.land/std@0.181.0/streams/write_all.ts": "aec90152978581ea62d56bb53a5cbf487e6a89c902f87c5969681ffbdf32b998",
    "https://deno.land/std@0.181.0/streams/writer_from_stream_writer.ts": "07c7ee025151a190f37fc42cbb01ff93afc949119ebddc6e0d0df14df1bf6950",
    "https://deno.land/std@0.181.0/streams/zip_readable_streams.ts": "a9d81aa451240f79230add674809dbee038d93aabe286e2d9671e66591fc86ca",
    "https://deno.land/std@0.182.0/_util/asserts.ts": "178dfc49a464aee693a7e285567b3d0b555dc805ff490505a8aae34f9cfb1462",
    "https://deno.land/std@0.182.0/_util/os.ts": "d932f56d41e4f6a6093d56044e29ce637f8dcc43c5a90af43504a889cf1775e3",
    "https://deno.land/std@0.182.0/fs/_util.ts": "65381f341af1ff7f40198cee15c20f59951ac26e51ddc651c5293e24f9ce6f32",
    "https://deno.land/std@0.182.0/fs/copy.ts": "14214efd94fc3aa6db1e4af2b4b9578e50f7362b7f3725d5a14ad259a5df26c8",
    "https://deno.land/std@0.182.0/fs/empty_dir.ts": "c3d2da4c7352fab1cf144a1ecfef58090769e8af633678e0f3fabaef98594688",
    "https://deno.land/std@0.182.0/fs/ensure_dir.ts": "dc64c4c75c64721d4e3fb681f1382f803ff3d2868f08563ff923fdd20d071c40",
    "https://deno.land/std@0.182.0/fs/ensure_file.ts": "c38602670bfaf259d86ca824a94e6cb9e5eb73757fefa4ebf43a90dd017d53d9",
    "https://deno.land/std@0.182.0/fs/ensure_link.ts": "c0f5b2f0ec094ed52b9128eccb1ee23362a617457aa0f699b145d4883f5b2fb4",
    "https://deno.land/std@0.182.0/fs/ensure_symlink.ts": "5006ab2f458159c56d689b53b1e48d57e05eeb1eaf64e677f7f76a30bc4fdba1",
    "https://deno.land/std@0.182.0/fs/eol.ts": "f1f2eb348a750c34500741987b21d65607f352cf7205f48f4319d417fff42842",
    "https://deno.land/std@0.182.0/fs/exists.ts": "29c26bca8584a22876be7cb8844f1b6c8fc35e9af514576b78f5c6884d7ed02d",
    "https://deno.land/std@0.182.0/fs/expand_glob.ts": "e4f56259a0a70fe23f05215b00de3ac5e6ba46646ab2a06ebbe9b010f81c972a",
    "https://deno.land/std@0.182.0/fs/mod.ts": "bc3d0acd488cc7b42627044caf47d72019846d459279544e1934418955ba4898",
    "https://deno.land/std@0.182.0/fs/move.ts": "4cb47f880e3f0582c55e71c9f8b1e5e8cfaacb5e84f7390781dd563b7298ec19",
    "https://deno.land/std@0.182.0/fs/walk.ts": "920be35a7376db6c0b5b1caf1486fb962925e38c9825f90367f8f26b5e5d0897",
    "https://deno.land/std@0.182.0/path/_constants.ts": "e49961f6f4f48039c0dfed3c3f93e963ca3d92791c9d478ac5b43183413136e0",
    "https://deno.land/std@0.182.0/path/_interface.ts": "6471159dfbbc357e03882c2266d21ef9afdb1e4aa771b0545e90db58a0ba314b",
    "https://deno.land/std@0.182.0/path/_util.ts": "d7abb1e0dea065f427b89156e28cdeb32b045870acdf865833ba808a73b576d0",
    "https://deno.land/std@0.182.0/path/common.ts": "ee7505ab01fd22de3963b64e46cff31f40de34f9f8de1fff6a1bd2fe79380000",
    "https://deno.land/std@0.182.0/path/glob.ts": "d479e0a695621c94d3fd7fe7abd4f9499caf32a8de13f25073451c6ef420a4e1",
    "https://deno.land/std@0.182.0/path/mod.ts": "bf718f19a4fdd545aee1b06409ca0805bd1b68ecf876605ce632e932fe54510c",
    "https://deno.land/std@0.182.0/path/posix.ts": "8b7c67ac338714b30c816079303d0285dd24af6b284f7ad63da5b27372a2c94d",
    "https://deno.land/std@0.182.0/path/separator.ts": "0fb679739d0d1d7bf45b68dacfb4ec7563597a902edbaf3c59b50d5bcadd93b1",
    "https://deno.land/std@0.182.0/path/win32.ts": "d186344e5583bcbf8b18af416d13d82b35a317116e6460a5a3953508c3de5bba",
    "https://deno.land/std@0.195.0/assert/assert.ts": "9a97dad6d98c238938e7540736b826440ad8c1c1e54430ca4c4e623e585607ee",
    "https://deno.land/std@0.195.0/assert/assertion_error.ts": "4d0bde9b374dfbcbe8ac23f54f567b77024fb67dbb1906a852d67fe050d42f56",
    "https://deno.land/std@0.195.0/bytes/bytes_list.ts": "31d664f4d42fa922066405d0e421c56da89d751886ee77bbe25a88bf0310c9d0",
    "https://deno.land/std@0.195.0/bytes/concat.ts": "d26d6f3d7922e6d663dacfcd357563b7bf4a380ce5b9c2bbe0c8586662f25ce2",
    "https://deno.land/std@0.195.0/bytes/copy.ts": "939d89e302a9761dcf1d9c937c7711174ed74c59eef40a1e4569a05c9de88219",
    "https://deno.land/std@0.195.0/bytes/ends_with.ts": "4228811ebc71615d27f065c54b5e815ec1972538772b0f413c0efe05245b472e",
    "https://deno.land/std@0.195.0/bytes/equals.ts": "fc190cce412b2136979181b163ec7e05f7e7a947e39102eee4b8c0d62519ddf9",
    "https://deno.land/std@0.195.0/bytes/includes_needle.ts": "76a8163126fb2f8bf86fd7f22192c3bb04bf6a20b987a095127c2ca08adf3ba6",
    "https://deno.land/std@0.195.0/bytes/index_of_needle.ts": "9c06610e9611b5647ac25952e71a22e09227c9f1b8cbeeb33399bf8bf8a7f649",
    "https://deno.land/std@0.195.0/bytes/last_index_of_needle.ts": "f1602f221c3b678bc4f1e1c88a70a15ab7da32c21751dbbc6c957c956951d784",
    "https://deno.land/std@0.195.0/bytes/mod.ts": "e869bba1e7a2e3a9cc6c2d55471888429a544e70a840c087672e656e7ba21815",
    "https://deno.land/std@0.195.0/bytes/repeat.ts": "6f5e490d8d72bcbf8d84a6bb04690b9b3eb5822c5a11687bca73a2318a842294",
    "https://deno.land/std@0.195.0/bytes/starts_with.ts": "3e607a70c9c09f5140b7a7f17a695221abcc7244d20af3eb47ccbb63f5885135",
    "https://deno.land/std@0.195.0/fmt/colors.ts": "a7eecffdf3d1d54db890723b303847b6e0a1ab4b528ba6958b8f2e754cf1b3bc",
    "https://deno.land/std@0.195.0/fs/exists.ts": "29c26bca8584a22876be7cb8844f1b6c8fc35e9af514576b78f5c6884d7ed02d",
    "https://deno.land/std@0.195.0/io/buf_writer.ts": "48c33c8f00b61dcbc7958706741cec8e59810bd307bc6a326cbd474fe8346dfd",
    "https://deno.land/std@0.195.0/log/handlers.ts": "38871ecbfa67b0d39dc3384210439ac9a13cba6118b912236f9011b5989b9a4d",
    "https://deno.land/std@0.195.0/log/levels.ts": "6309147664e9e008cd6671610f2505c4c95f181f6bae4816a84b33e0aec66859",
    "https://deno.land/std@0.195.0/log/logger.ts": "257ceb47e3f5f872068073de9809b015a7400e8d86dd40563c1d80169e578f71",
    "https://deno.land/std@0.195.0/log/mod.ts": "cc1989f3290b792271f41f4cba392a367520564efbc892be1e00dee423ccd3d9",
    "https://deno.land/std@0.195.0/streams/_common.ts": "f45cba84f0d813de3326466095539602364a9ba521f804cc758f7a475cda692d",
    "https://deno.land/std@0.195.0/streams/iterate_reader.ts": "bbec1d45c2df2c0c5920bad0549351446fdc8e0886d99e95959b259dbcdb6072",
    "https://deno.land/x/csv@v0.9.0/deps.ts": "2dbcf1cf21dade8b2a1abe51fcdfc735e63294f9f06396d33a41bab2e8ee000b",
    "https://deno.land/x/csv@v0.9.0/mod.ts": "2a13285c8716257aa5d6b5021d45c74dcb275eaaa46776106ddf78b071cabd88",
    "https://deno.land/x/csv@v0.9.0/reader.ts": "3ab08426d3147996dcc51a75c228c974854159d6645b9e00daede4880ce53af0",
    "https://deno.land/x/csv@v0.9.0/utils.ts": "7f2467acb031244c150774b9d6caa5e8c40f9857031a947c6ad20765c5d7bd20",
    "https://deno.land/x/csv@v0.9.0/writer.ts": "18a46b755cc215695862d3a896b3a7b24b33cb7ee626cbebeb7138193cb7edcf",
    "https://raw.githubusercontent.com/ngoduyanh/nrs-lib-ts/v0.1.3/mod.ts": "fe85002cf6367e85c3711a2429005f21afd073a1c23406d01c8da18e79cb104d",
    "https://raw.githubusercontent.com/ngoduyanh/nrs-lib-ts/v0.1.3/src/data.ts": "c5ee3e6be20d6e8c0c10e5cc9b3a56468aaaa3ddcc48c6b9d320aaec0771232b",
    "https://raw.githubusercontent.com/ngoduyanh/nrs-lib-ts/v0.1.3/src/deps.ts": "9726584ef5caac01697c8afa25431d64acc70cba5f065516071017c62921b8f5",
    "https://raw.githubusercontent.com/ngoduyanh/nrs-lib-ts/v0.1.3/src/ext.ts": "327af40edd4590935e5eb41984c9df3939136d382615b4b11dd4e023e39c4537",
    "https://raw.githubusercontent.com/ngoduyanh/nrs-lib-ts/v0.1.3/src/exts/DAH_anime_normalize.ts": "8eba3d44ad330c033353f275c58ee524b2f45129a27eb1b05811262a7cf41683",
    "https://raw.githubusercontent.com/ngoduyanh/nrs-lib-ts/v0.1.3/src/exts/DAH_anime_normalize_bulk.json": "c341e68fcc3f4d637a8acc2f74e4423cbeba2a50c38116c00b68883b2b3ffcaf",
    "https://raw.githubusercontent.com/ngoduyanh/nrs-lib-ts/v0.1.3/src/exts/DAH_combine_pow.ts": "6d589fa44336594b9ee4ef7eb87d0c26c9384e936cf0fc2271ed88843d1a1fa0",
    "https://raw.githubusercontent.com/ngoduyanh/nrs-lib-ts/v0.1.3/src/exts/DAH_combine_pp.ts": "9c0c1e69d53e94c40bf557aa1b1f7f44574825a87c90df6aefcb7ebf71fe59af",
    "https://raw.githubusercontent.com/ngoduyanh/nrs-lib-ts/v0.1.3/src/exts/DAH_entry_progress.ts": "14cd6c76c2f96a9d18f7e41438f331e585008bfe983848224f66fe50f1526d46",
    "https://raw.githubusercontent.com/ngoduyanh/nrs-lib-ts/v0.1.3/src/exts/DAH_factors.ts": "08fbb7bc3c310ea3bc5a69d707e7df7c9919dea46780cc2906bc9aba61c7be99",
    "https://raw.githubusercontent.com/ngoduyanh/nrs-lib-ts/v0.1.3/src/exts/DAH_overall_score.ts": "b6fba54bf758661f412e3c6f03398ee509bc339eb963ed856c80adf925032877",
    "https://raw.githubusercontent.com/ngoduyanh/nrs-lib-ts/v0.1.3/src/exts/DAH_serialize.ts": "e387b02debcc8269509e2b1b26d290f552d6d783f5d4ebc6da09cf96de1c56b8",
    "https://raw.githubusercontent.com/ngoduyanh/nrs-lib-ts/v0.1.3/src/exts/DAH_serialize_json.ts": "a9b924daac7ed7672fc94ed67a206d2778b7af4bc99d1c979304a745e6a1c8ad",
    "https://raw.githubusercontent.com/ngoduyanh/nrs-lib-ts/v0.1.3/src/exts/DAH_standards.ts": "79d76356b4ec71387721db125878527110bfa61e9ca16cf06588789fc0df2eb7",
    "https://raw.githubusercontent.com/ngoduyanh/nrs-lib-ts/v0.1.3/src/exts/DAH_validator_suppress.ts": "ec941686765236a2800a974e587d250652a907d75dbf22510112855ab752e17a",
    "https://raw.githubusercontent.com/ngoduyanh/nrs-lib-ts/v0.1.3/src/math.ts": "dfd592610b18c65a5cf4be2097ccdbd9068531b9aa2f01c0332adc8dbce26fe9",
    "https://raw.githubusercontent.com/ngoduyanh/nrs-lib-ts/v0.1.3/src/process.ts": "4711f50197f4e4e2a10731448f13217c561a5f4ca0fa5c19c1d1710de4c61646",
    "https://raw.githubusercontent.com/ngoduyanh/nrs-lib-ts/v0.1.3/src/utils.ts": "4729462ba07c834682cc50e2895c2911e7073d50c1c789317448b6e1793223e8",
    "https://raw.githubusercontent.com/ngoduyanh/nrsml/v2.2.1/deps.ts": "5d8f1f8b33e2a87c5d36a0e814eb65f6ce8dc743edf00f90ed4c789c937e7cf5",
    "https://raw.githubusercontent.com/ngoduyanh/nrsml/v2.2.1/mod.ts": "42b7f9d6be557e292eb1218ba8b79227348aefc0f358ad2b00423bee331f7568",
    "https://raw.githubusercontent.com/ngoduyanh/nrsml/v2.2.1/nrsml/macro.ts": "3dc1eda0ec6c4ccd9edb98703116b21bdd4c05b165085bdbe042fb012286eca8",
    "https://raw.githubusercontent.com/ngoduyanh/nrsml/v2.2.1/nrsml/parse.ts": "4bf453a0089b76a721639b1eff98846dc6f7533ac1366e118226b532415dad62",
    "https://raw.githubusercontent.com/ngoduyanh/nrsml/v2.2.1/nrsml/utils.ts": "c8fb97d7cbd8fcd8c4f38907ff3e77dd10feedded9e265754083e856db5d49b8"
  },
  "npm": {
    "specifiers": {
      "@types/luxon": "@types/luxon@3.3.1",
      "fast-xml-parser@4": "fast-xml-parser@4.2.7",
      "luxon@3.2.0": "luxon@3.2.0"
    },
    "packages": {
      "@types/luxon@3.3.1": {
        "integrity": "sha512-XOS5nBcgEeP2PpcqJHjCWhUCAzGfXIU8ILOSLpx2FhxqMW9KdxgCGXNOEKGVBfveKtIpztHzKK5vSRVLyW/NqA==",
        "dependencies": {}
      },
      "fast-xml-parser@4.2.7": {
        "integrity": "sha512-J8r6BriSLO1uj2miOk1NW0YVm8AGOOu3Si2HQp/cSmo6EA4m3fcwu2WKjJ4RK9wMLBtg69y1kS8baDiQBR41Ig==",
        "dependencies": {
          "strnum": "strnum@1.0.5"
        }
      },
      "luxon@3.2.0": {
        "integrity": "sha512-Namj3XqoJjFekq/JHQEaaAv4zyE/fyyDBrMEBnIL2s/X54SC8W5Ea0uej1TRXUArWec8OojsAVsGBYhNRjpMVw==",
        "dependencies": {}
      },
      "strnum@1.0.5": {
        "integrity": "sha512-J8bbNyKKXl5qYcR36TIO8W3mVGVHrmmxsd5PAItGkmyzwJvybiw2IVq5nqd0i4LSNSkB/sx9VHllbfFdr9k1JA==",
        "dependencies": {}
      }
    }
  }
}
